
Microsoft Visual Studio Solution File, Format Version 12.00
# Visual Studio Version 17
VisualStudioVersion = 17.14.36109.1 d17.14
MinimumVisualStudioVersion = 10.0.40219.1
Project("{FAE04EC0-301F-11D3-BF4B-00C04F79EFBC}") = "Sudoku", "Sudoku\Sudoku.csproj", "{9E7DBC53-3BEC-4EEE-A36A-AEC1BE71631C}"
EndProject
Global
	GlobalSection(SolutionConfigurationPlatforms) = preSolution
		Debug|Any CPU = Debug|Any CPU
		Release|Any CPU = Release|Any CPU
	EndGlobalSection
	GlobalSection(ProjectConfigurationPlatforms) = postSolution
		{9E7DBC53-3BEC-4EEE-A36A-AEC1BE71631C}.Debug|Any CPU.ActiveCfg = Debug|Any CPU
		{9E7DBC53-3BEC-4EEE-A36A-AEC1BE71631C}.Debug|Any CPU.Build.0 = Debug|Any CPU
		{9E7DBC53-3BEC-4EEE-A36A-AEC1BE71631C}.Release|Any CPU.ActiveCfg = Release|Any CPU
		{9E7DBC53-3BEC-4EEE-A36A-AEC1BE71631C}.Release|Any CPU.Build.0 = Release|Any CPU
	EndGlobalSection
	GlobalSection(SolutionProperties) = preSolution
		HideSolutionNode = FALSE
	EndGlobalSection
	GlobalSection(ExtensibilityGlobals) = postSolution
		SolutionGuid = {0B35C8E3-8B5B-4528-A935-725E583AEBBA}
	EndGlobalSection
EndGlobal
